// !$*UTF8*$!
{
	archiveVersion = 1;
	classes = {
	};
	objectVersion = 55;
	objects = {

/* Begin PBXBuildFile section */
		850D74F52728645E00108269 /* AppDelegate.swift in Sources */ = {isa = PBXBuildFile; fileRef = 850D74F42728645E00108269 /* AppDelegate.swift */; };
		850D74F72728645E00108269 /* SceneDelegate.swift in Sources */ = {isa = PBXBuildFile; fileRef = 850D74F62728645E00108269 /* SceneDelegate.swift */; };
		850D74FE2728646400108269 /* Assets.xcassets in Resources */ = {isa = PBXBuildFile; fileRef = 850D74FD2728646400108269 /* Assets.xcassets */; };
		850D75012728646400108269 /* LaunchScreen.storyboard in Resources */ = {isa = PBXBuildFile; fileRef = 850D74FF2728646400108269 /* LaunchScreen.storyboard */; };
		850D75092728691F00108269 /* WelcomeViewController.swift in Sources */ = {isa = PBXBuildFile; fileRef = 850D75082728691F00108269 /* WelcomeViewController.swift */; };
		850D750B27286A0000108269 /* LoginViewController.swift in Sources */ = {isa = PBXBuildFile; fileRef = 850D750A27286A0000108269 /* LoginViewController.swift */; };
		85E4F36B272D26FC000B9302 /* UserProfileViewController.swift in Sources */ = {isa = PBXBuildFile; fileRef = 85E4F36A272D26FC000B9302 /* UserProfileViewController.swift */; };
		85E4F36D272D3136000B9302 /* ListOfFriendsViewController.swift in Sources */ = {isa = PBXBuildFile; fileRef = 85E4F36C272D3136000B9302 /* ListOfFriendsViewController.swift */; };
		85E4F373272D3A08000B9302 /* Main.storyboard in Resources */ = {isa = PBXBuildFile; fileRef = 85E4F371272D3A08000B9302 /* Main.storyboard */; };
		85EE3BB1272E7EE5006E61FC /* PhotoAlbumViewController.swift in Sources */ = {isa = PBXBuildFile; fileRef = 85EE3BB0272E7EE5006E61FC /* PhotoAlbumViewController.swift */; };
		85F3EDC8272D49B300170968 /* UserData.swift in Sources */ = {isa = PBXBuildFile; fileRef = 85F3EDC7272D49B200170968 /* UserData.swift */; };
/* End PBXBuildFile section */

/* Begin PBXFileReference section */
		850D74F12728645E00108269 /* ShalginSR_HW2.4.app */ = {isa = PBXFileReference; explicitFileType = wrapper.application; includeInIndex = 0; path = ShalginSR_HW2.4.app; sourceTree = BUILT_PRODUCTS_DIR; };
		850D74F42728645E00108269 /* AppDelegate.swift */ = {isa = PBXFileReference; lastKnownFileType = sourcecode.swift; path = AppDelegate.swift; sourceTree = "<group>"; };
		850D74F62728645E00108269 /* SceneDelegate.swift */ = {isa = PBXFileReference; lastKnownFileType = sourcecode.swift; path = SceneDelegate.swift; sourceTree = "<group>"; };
		850D74FD2728646400108269 /* Assets.xcassets */ = {isa = PBXFileReference; lastKnownFileType = folder.assetcatalog; path = Assets.xcassets; sourceTree = "<group>"; };
		850D75002728646400108269 /* Base */ = {isa = PBXFileReference; lastKnownFileType = file.storyboard; name = Base; path = Base.lproj/LaunchScreen.storyboard; sourceTree = "<group>"; };
		850D75022728646400108269 /* Info.plist */ = {isa = PBXFileReference; lastKnownFileType = text.plist.xml; path = Info.plist; sourceTree = "<group>"; };
		850D75082728691F00108269 /* WelcomeViewController.swift */ = {isa = PBXFileReference; lastKnownFileType = sourcecode.swift; path = WelcomeViewController.swift; sourceTree = "<group>"; };
		850D750A27286A0000108269 /* LoginViewController.swift */ = {isa = PBXFileReference; lastKnownFileType = sourcecode.swift; path = LoginViewController.swift; sourceTree = "<group>"; };
		85E4F36A272D26FC000B9302 /* UserProfileViewController.swift */ = {isa = PBXFileReference; lastKnownFileType = sourcecode.swift; path = UserProfileViewController.swift; sourceTree = "<group>"; };
		85E4F36C272D3136000B9302 /* ListOfFriendsViewController.swift */ = {isa = PBXFileReference; lastKnownFileType = sourcecode.swift; path = ListOfFriendsViewController.swift; sourceTree = "<group>"; };
		85E4F372272D3A08000B9302 /* Base */ = {isa = PBXFileReference; lastKnownFileType = file.storyboard; name = Base; path = ShalginSR_HW2.4/Storyboards/Base.lproj/Main.storyboard; sourceTree = "<group>"; };
		85EE3BB0272E7EE5006E61FC /* PhotoAlbumViewController.swift */ = {isa = PBXFileReference; lastKnownFileType = sourcecode.swift; path = PhotoAlbumViewController.swift; sourceTree = "<group>"; };
		85F3EDC7272D49B200170968 /* UserData.swift */ = {isa = PBXFileReference; lastKnownFileType = sourcecode.swift; path = UserData.swift; sourceTree = "<group>"; };
/* End PBXFileReference section */

/* Begin PBXFrameworksBuildPhase section */
		850D74EE2728645E00108269 /* Frameworks */ = {
			isa = PBXFrameworksBuildPhase;
			buildActionMask = 2147483647;
			files = (
			);
			runOnlyForDeploymentPostprocessing = 0;
		};
/* End PBXFrameworksBuildPhase section */

/* Begin PBXGroup section */
		850D74E82728645E00108269 = {
			isa = PBXGroup;
			children = (
				850D74F32728645E00108269 /* ShalginSR_HW2.4 */,
				850D74F22728645E00108269 /* Products */,
			);
			sourceTree = "<group>";
		};
		850D74F22728645E00108269 /* Products */ = {
			isa = PBXGroup;
			children = (
				850D74F12728645E00108269 /* ShalginSR_HW2.4.app */,
			);
			name = Products;
			sourceTree = "<group>";
		};
		850D74F32728645E00108269 /* ShalginSR_HW2.4 */ = {
			isa = PBXGroup;
			children = (
				85F3EDC6272D497700170968 /* Models */,
				85E4F366272D2329000B9302 /* ViewControllers */,
				85E4F367272D233A000B9302 /* Storyboards */,
				85E4F368272D242B000B9302 /* Resources */,
				85E4F369272D2438000B9302 /* Configs */,
				850D74FF2728646400108269 /* LaunchScreen.storyboard */,
			);
			path = ShalginSR_HW2.4;
			sourceTree = "<group>";
		};
		85E4F366272D2329000B9302 /* ViewControllers */ = {
			isa = PBXGroup;
			children = (
				850D75082728691F00108269 /* WelcomeViewController.swift */,
				850D750A27286A0000108269 /* LoginViewController.swift */,
				85E4F36A272D26FC000B9302 /* UserProfileViewController.swift */,
				85E4F36C272D3136000B9302 /* ListOfFriendsViewController.swift */,
				85EE3BB0272E7EE5006E61FC /* PhotoAlbumViewController.swift */,
			);
			path = ViewControllers;
			sourceTree = "<group>";
		};
		85E4F367272D233A000B9302 /* Storyboards */ = {
			isa = PBXGroup;
			children = (
				85E4F371272D3A08000B9302 /* Main.storyboard */,
			);
			path = Storyboards;
			sourceTree = "<group>";
		};
		85E4F368272D242B000B9302 /* Resources */ = {
			isa = PBXGroup;
			children = (
				850D74FD2728646400108269 /* Assets.xcassets */,
			);
			path = Resources;
			sourceTree = "<group>";
		};
		85E4F369272D2438000B9302 /* Configs */ = {
			isa = PBXGroup;
			children = (
				850D74F42728645E00108269 /* AppDelegate.swift */,
				850D74F62728645E00108269 /* SceneDelegate.swift */,
				850D75022728646400108269 /* Info.plist */,
			);
			path = Configs;
			sourceTree = "<group>";
		};
		85F3EDC6272D497700170968 /* Models */ = {
			isa = PBXGroup;
			children = (
				85F3EDC7272D49B200170968 /* UserData.swift */,
			);
			path = Models;
			sourceTree = "<group>";
		};
/* End PBXGroup section */

/* Begin PBXNativeTarget section */
		850D74F02728645E00108269 /* ShalginSR_HW2.4 */ = {
			isa = PBXNativeTarget;
			buildConfigurationList = 850D75052728646400108269 /* Build configuration list for PBXNativeTarget "ShalginSR_HW2.4" */;
			buildPhases = (
				850D74ED2728645E00108269 /* Sources */,
				850D74EE2728645E00108269 /* Frameworks */,
				850D74EF2728645E00108269 /* Resources */,
			);
			buildRules = (
			);
			dependencies = (
			);
			name = ShalginSR_HW2.4;
			productName = ShalginSR_HW2.3;
			productReference = 850D74F12728645E00108269 /* ShalginSR_HW2.4.app */;
			productType = "com.apple.product-type.application";
		};
/* End PBXNativeTarget section */

/* Begin PBXProject section */
		850D74E92728645E00108269 /* Project object */ = {
			isa = PBXProject;
			attributes = {
				BuildIndependentTargetsInParallel = 1;
				LastSwiftUpdateCheck = 1300;
				LastUpgradeCheck = 1300;
				TargetAttributes = {
					850D74F02728645E00108269 = {
						CreatedOnToolsVersion = 13.0;
					};
				};
			};
			buildConfigurationList = 850D74EC2728645E00108269 /* Build configuration list for PBXProject "ShalginSR_HW2.4" */;
			compatibilityVersion = "Xcode 13.0";
			developmentRegion = en;
			hasScannedForEncodings = 0;
			knownRegions = (
				en,
				Base,
			);
			mainGroup = 850D74E82728645E00108269;
			productRefGroup = 850D74F22728645E00108269 /* Products */;
			projectDirPath = "";
			projectRoot = "";
			targets = (
				850D74F02728645E00108269 /* ShalginSR_HW2.4 */,
			);
		};
/* End PBXProject section */

/* Begin PBXResourcesBuildPhase section */
		850D74EF2728645E00108269 /* Resources */ = {
			isa = PBXResourcesBuildPhase;
			buildActionMask = 2147483647;
			files = (
				85E4F373272D3A08000B9302 /* Main.storyboard in Resources */,
				850D75012728646400108269 /* LaunchScreen.storyboard in Resources */,
				850D74FE2728646400108269 /* Assets.xcassets in Resources */,
			);
			runOnlyForDeploymentPostprocessing = 0;
		};
/* End PBXResourcesBuildPhase section */

/* Begin PBXSourcesBuildPhase section */
		850D74ED2728645E00108269 /* Sources */ = {
			isa = PBXSourcesBuildPhase;
			buildActionMask = 2147483647;
			files = (
				850D75092728691F00108269 /* WelcomeViewController.swift in Sources */,
				85E4F36B272D26FC000B9302 /* UserProfileViewController.swift in Sources */,
				85F3EDC8272D49B300170968 /* UserData.swift in Sources */,
				85EE3BB1272E7EE5006E61FC /* PhotoAlbumViewController.swift in Sources */,
				850D74F52728645E00108269 /* AppDelegate.swift in Sources */,
				85E4F36D272D3136000B9302 /* ListOfFriendsViewController.swift in Sources */,
				850D750B27286A0000108269 /* LoginViewController.swift in Sources */,
				850D74F72728645E00108269 /* SceneDelegate.swift in Sources */,
			);
			runOnlyForDeploymentPostprocessing = 0;
		};
/* End PBXSourcesBuildPhase section */

/* Begin PBXVariantGroup section */
		850D74FF2728646400108269 /* LaunchScreen.storyboard */ = {
			isa = PBXVariantGroup;
			children = (
				850D75002728646400108269 /* Base */,
			);
			name = LaunchScreen.storyboard;
			sourceTree = "<group>";
		};
		85E4F371272D3A08000B9302 /* Main.storyboard */ = {
			isa = PBXVariantGroup;
			children = (
				85E4F372272D3A08000B9302 /* Base */,
			);
			name = Main.storyboard;
			sourceTree = "<group>";
		};
/* End PBXVariantGroup section */

/* Begin XCBuildConfiguration section */
		850D75032728646400108269 /* Debug */ = {
			isa = XCBuildConfiguration;
			buildSettings = {
				ALWAYS_SEARCH_USER_PATHS = NO;
				CLANG_ANALYZER_NONNULL = YES;
				CLANG_ANALYZER_NUMBER_OBJECT_CONVERSION = YES_AGGRESSIVE;
				CLANG_CXX_LANGUAGE_STANDARD = "gnu++17";
				CLANG_CXX_LIBRARY = "libc++";
				CLANG_ENABLE_MODULES = YES;
				CLANG_ENABLE_OBJC_ARC = YES;
				CLANG_ENABLE_OBJC_WEAK = YES;
				CLANG_WARN_BLOCK_CAPTURE_AUTORELEASING = YES;
				CLANG_WARN_BOOL_CONVERSION = YES;
				CLANG_WARN_COMMA = YES;
				CLANG_WARN_CONSTANT_CONVERSION = YES;
				CLANG_WARN_DEPRECATED_OBJC_IMPLEMENTATIONS = YES;
				CLANG_WARN_DIRECT_OBJC_ISA_USAGE = YES_ERROR;
				CLANG_WARN_DOCUMENTATION_COMMENTS = YES;
				CLANG_WARN_EMPTY_BODY = YES;
				CLANG_WARN_ENUM_CONVERSION = YES;
				CLANG_WARN_INFINITE_RECURSION = YES;
				CLANG_WARN_INT_CONVERSION = YES;
				CLANG_WARN_NON_LITERAL_NULL_CONVERSION = YES;
				CLANG_WARN_OBJC_IMPLICIT_RETAIN_SELF = YES;
				CLANG_WARN_OBJC_LITERAL_CONVERSION = YES;
				CLANG_WARN_OBJC_ROOT_CLASS = YES_ERROR;
				CLANG_WARN_QUOTED_INCLUDE_IN_FRAMEWORK_HEADER = YES;
				CLANG_WARN_RANGE_LOOP_ANALYSIS = YES;
				CLANG_WARN_STRICT_PROTOTYPES = YES;
				CLANG_WARN_SUSPICIOUS_MOVE = YES;
				CLANG_WARN_UNGUARDED_AVAILABILITY = YES_AGGRESSIVE;
				CLANG_WARN_UNREACHABLE_CODE = YES;
				CLANG_WARN__DUPLICATE_METHOD_MATCH = YES;
				COPY_PHASE_STRIP = NO;
				DEBUG_INFORMATION_FORMAT = dwarf;
				ENABLE_STRICT_OBJC_MSGSEND = YES;
				ENABLE_TESTABILITY = YES;
				GCC_C_LANGUAGE_STANDARD = gnu11;
				GCC_DYNAMIC_NO_PIC = NO;
				GCC_NO_COMMON_BLOCKS = YES;
				GCC_OPTIMIZATION_LEVEL = 0;
				GCC_PREPROCESSOR_DEFINITIONS = (
					"DEBUG=1",
					"$(inherited)",
				);
				GCC_WARN_64_TO_32_BIT_CONVERSION = YES;
				GCC_WARN_ABOUT_RETURN_TYPE = YES_ERROR;
				GCC_WARN_UNDECLARED_SELECTOR = YES;
				GCC_WARN_UNINITIALIZED_AUTOS = YES_AGGRESSIVE;
				GCC_WARN_UNUSED_FUNCTION = YES;
				GCC_WARN_UNUSED_VARIABLE = YES;
				IPHONEOS_DEPLOYMENT_TARGET = 15.0;
				MTL_ENABLE_DEBUG_INFO = INCLUDE_SOURCE;
				MTL_FAST_MATH = YES;
				ONLY_ACTIVE_ARCH = YES;
				SDKROOT = iphoneos;
				SWIFT_ACTIVE_COMPILATION_CONDITIONS = DEBUG;
				SWIFT_OPTIMIZATION_LEVEL = "-Onone";
			};
			name = Debug;
		};
		850D75042728646400108269 /* Release */ = {
			isa = XCBuildConfiguration;
			buildSettings = {
				ALWAYS_SEARCH_USER_PATHS = NO;
				CLANG_ANALYZER_NONNULL = YES;
				CLANG_ANALYZER_NUMBER_OBJECT_CONVERSION = YES_AGGRESSIVE;
				CLANG_CXX_LANGUAGE_STANDARD = "gnu++17";
				CLANG_CXX_LIBRARY = "libc++";
				CLANG_ENABLE_MODULES = YES;
				CLANG_ENABLE_OBJC_ARC = YES;
				CLANG_ENABLE_OBJC_WEAK = YES;
				CLANG_WARN_BLOCK_CAPTURE_AUTORELEASING = YES;
				CLANG_WARN_BOOL_CONVERSION = YES;
				CLANG_WARN_COMMA = YES;
				CLANG_WARN_CONSTANT_CONVERSION = YES;
				CLANG_WARN_DEPRECATED_OBJC_IMPLEMENTATIONS = YES;
				CLANG_WARN_DIRECT_OBJC_ISA_USAGE = YES_ERROR;
				CLANG_WARN_DOCUMENTATION_COMMENTS = YES;
				CLANG_WARN_EMPTY_BODY = YES;
				CLANG_WARN_ENUM_CONVERSION = YES;
				CLANG_WARN_INFINITE_RECURSION = YES;
				CLANG_WARN_INT_CONVERSION = YES;
				CLANG_WARN_NON_LITERAL_NULL_CONVERSION = YES;
				CLANG_WARN_OBJC_IMPLICIT_RETAIN_SELF = YES;
				CLANG_WARN_OBJC_LITERAL_CONVERSION = YES;
				CLANG_WARN_OBJC_ROOT_CLASS = YES_ERROR;
				CLANG_WARN_QUOTED_INCLUDE_IN_FRAMEWORK_HEADER = YES;
				CLANG_WARN_RANGE_LOOP_ANALYSIS = YES;
				CLANG_WARN_STRICT_PROTOTYPES = YES;
				CLANG_WARN_SUSPICIOUS_MOVE = YES;
				CLANG_WARN_UNGUARDED_AVAILABILITY = YES_AGGRESSIVE;
				CLANG_WARN_UNREACHABLE_CODE = YES;
				CLANG_WARN__DUPLICATE_METHOD_MATCH = YES;
				COPY_PHASE_STRIP = NO;
				DEBUG_INFORMATION_FORMAT = "dwarf-with-dsym";
				ENABLE_NS_ASSERTIONS = NO;
				ENABLE_STRICT_OBJC_MSGSEND = YES;
				GCC_C_LANGUAGE_STANDARD = gnu11;
				GCC_NO_COMMON_BLOCKS = YES;
				GCC_WARN_64_TO_32_BIT_CONVERSION = YES;
				GCC_WARN_ABOUT_RETURN_TYPE = YES_ERROR;
				GCC_WARN_UNDECLARED_SELECTOR = YES;
				GCC_WARN_UNINITIALIZED_AUTOS = YES_AGGRESSIVE;
				GCC_WARN_UNUSED_FUNCTION = YES;
				GCC_WARN_UNUSED_VARIABLE = YES;
				IPHONEOS_DEPLOYMENT_TARGET = 15.0;
				MTL_ENABLE_DEBUG_INFO = NO;
				MTL_FAST_MATH = YES;
				SDKROOT = iphoneos;
				SWIFT_COMPILATION_MODE = wholemodule;
				SWIFT_OPTIMIZATION_LEVEL = "-O";
				VALIDATE_PRODUCT = YES;
			};
			name = Release;
		};
		850D75062728646400108269 /* Debug */ = {
			isa = XCBuildConfiguration;
			buildSettings = {
				ASSETCATALOG_COMPILER_APPICON_NAME = AppIcon;
				ASSETCATALOG_COMPILER_GLOBAL_ACCENT_COLOR_NAME = AccentColor;
				CODE_SIGN_STYLE = Automatic;
				CURRENT_PROJECT_VERSION = 1;
				DEVELOPMENT_TEAM = T94XUBZ99A;
				GENERATE_INFOPLIST_FILE = YES;
				INFOPLIST_FILE = ShalginSR_HW2.4/Configs/Info.plist;
				INFOPLIST_KEY_UIApplicationSupportsIndirectInputEvents = YES;
				INFOPLIST_KEY_UILaunchStoryboardName = LaunchScreen;
				INFOPLIST_KEY_UIMainStoryboardFile = Main;
				INFOPLIST_KEY_UISupportedInterfaceOrientations = UIInterfaceOrientationPortrait;
				INFOPLIST_KEY_UISupportedInterfaceOrientations_iPad = "UIInterfaceOrientationPortrait UIInterfaceOrientationPortraitUpsideDown UIInterfaceOrientationLandscapeLeft UIInterfaceOrientationLandscapeRight";
				INFOPLIST_KEY_UISupportedInterfaceOrientations_iPhone = "UIInterfaceOrientationPortrait UIInterfaceOrientationLandscapeLeft UIInterfaceOrientationLandscapeRight";
				LD_RUNPATH_SEARCH_PATHS = (
					"$(inherited)",
					"@executable_path/Frameworks",
				);
				MARKETING_VERSION = 1.0;
				PRODUCT_BUNDLE_IDENTIFIER = "Maker.ShalginSR-HW2-3";
				PRODUCT_NAME = "$(TARGET_NAME)";
				SWIFT_EMIT_LOC_STRINGS = YES;
				SWIFT_VERSION = 5.0;
				TARGETED_DEVICE_FAMILY = 1;
			};
			name = Debug;
		};
		850D75072728646400108269 /* Release */ = {
			isa = XCBuildConfiguration;
			buildSettings = {
				ASSETCATALOG_COMPILER_APPICON_NAME = AppIcon;
				ASSETCATALOG_COMPILER_GLOBAL_ACCENT_COLOR_NAME = AccentColor;
				CODE_SIGN_STYLE = Automatic;
				CURRENT_PROJECT_VERSION = 1;
				DEVELOPMENT_TEAM = T94XUBZ99A;
				GENERATE_INFOPLIST_FILE = YES;
				INFOPLIST_FILE = ShalginSR_HW2.4/Configs/Info.plist;
				INFOPLIST_KEY_UIApplicationSupportsIndirectInputEvents = YES;
				INFOPLIST_KEY_UILaunchStoryboardName = LaunchScreen;
				INFOPLIST_KEY_UIMainStoryboardFile = Main;
				INFOPLIST_KEY_UISupportedInterfaceOrientations = UIInterfaceOrientationPortrait;
				INFOPLIST_KEY_UISupportedInterfaceOrientations_iPad = "UIInterfaceOrientationPortrait UIInterfaceOrientationPortraitUpsideDown UIInterfaceOrientationLandscapeLeft UIInterfaceOrientationLandscapeRight";
				INFOPLIST_KEY_UISupportedInterfaceOrientations_iPhone = "UIInterfaceOrientationPortrait UIInterfaceOrientationLandscapeLeft UIInterfaceOrientationLandscapeRight";
				LD_RUNPATH_SEARCH_PATHS = (
					"$(inherited)",
					"@executable_path/Frameworks",
				);
				MARKETING_VERSION = 1.0;
				PRODUCT_BUNDLE_IDENTIFIER = "Maker.ShalginSR-HW2-3";
				PRODUCT_NAME = "$(TARGET_NAME)";
				SWIFT_EMIT_LOC_STRINGS = YES;
				SWIFT_VERSION = 5.0;
				TARGETED_DEVICE_FAMILY = 1;
			};
			name = Release;
		};
/* End XCBuildConfiguration section */

/* Begin XCConfigurationList section */
		850D74EC2728645E00108269 /* Build configuration list for PBXProject "ShalginSR_HW2.4" */ = {
			isa = XCConfigurationList;
			buildConfigurations = (
				850D75032728646400108269 /* Debug */,
				850D75042728646400108269 /* Release */,
			);
			defaultConfigurationIsVisible = 0;
			defaultConfigurationName = Release;
		};
		850D75052728646400108269 /* Build configuration list for PBXNativeTarget "ShalginSR_HW2.4" */ = {
			isa = XCConfigurationList;
			buildConfigurations = (
				850D75062728646400108269 /* Debug */,
				850D75072728646400108269 /* Release */,
			);
			defaultConfigurationIsVisible = 0;
			defaultConfigurationName = Release;
		};
/* End XCConfigurationList section */
	};
	rootObject = 850D74E92728645E00108269 /* Project object */;
}
